{
  "name": "jpiteminfo",
  "version": "1.0.0",
  "lockfileVersion": 2,
  "requires": true,
  "packages": {
    "": {
      "name": "jpiteminfo",
      "version": "1.0.0",
      "license": "ISC",
      "dependencies": {
        "exec-sh": "^0.4.0",
        "fs": "*",
        "sort-anything": "^1.0.1"
      },
      "devDependencies": {
        "core-js": "^3.14.0"
      }
    },
    "node_modules/copy-anything": {
      "version": "2.0.3",
      "resolved": "https://registry.npmjs.org/copy-anything/-/copy-anything-2.0.3.tgz",
      "integrity": "sha512-GK6QUtisv4fNS+XcI7shX0Gx9ORg7QqIznyfho79JTnX1XhLiyZHfftvGiziqzRiEi/Bjhgpi+D2o7HxJFPnDQ==",
      "dependencies": {
        "is-what": "^3.12.0"
      }
    },
    "node_modules/core-js": {
      "version": "3.14.0",
      "resolved": "https://registry.npmjs.org/core-js/-/core-js-3.14.0.tgz",
      "integrity": "sha512-3s+ed8er9ahK+zJpp9ZtuVcDoFzHNiZsPbNAAE4KXgrRHbjSqqNN6xGSXq6bq7TZIbKj4NLrLb6bJ5i+vSVjHA==",
      "dev": true,
      "hasInstallScript": true,
      "funding": {
        "type": "opencollective",
        "url": "https://opencollective.com/core-js"
      }
    },
    "node_modules/exec-sh": {
      "version": "0.4.0",
      "resolved": "https://registry.npmjs.org/exec-sh/-/exec-sh-0.4.0.tgz",
      "integrity": "sha512-BgAFra+J+hK/wquyWchMiqgaxSv1ec2c+//DRSePlF3NLx/tBOmkIkJEc1hWrX4Yis3tzxgv1+FiFs/mmucs/g=="
    },
    "node_modules/fs": {
      "version": "0.0.1-security",
      "resolved": "https://registry.npmjs.org/fs/-/fs-0.0.1-security.tgz",
      "integrity": "sha1-invTcYa23d84E/I4WLV+yq9eQdQ="
    },
    "node_modules/is-what": {
      "version": "3.14.1",
      "resolved": "https://registry.npmjs.org/is-what/-/is-what-3.14.1.tgz",
      "integrity": "sha512-sNxgpk9793nzSs7bA6JQJGeIuRBQhAaNGG77kzYQgMkrID+lS6SlK07K5LaptscDlSaIgH+GPFzf+d75FVxozA=="
    },
    "node_modules/sort-anything": {
      "version": "1.0.1",
      "resolved": "https://registry.npmjs.org/sort-anything/-/sort-anything-1.0.1.tgz",
      "integrity": "sha512-bLMVAKzytqxf583NSVZZpd+Tjna5TcQ0S2q66pKdHJUdwxcPticzILaCLNgJbKOEmJv8PaQimzD6kJO6qEeuQw==",
      "deprecated": "Deprecated in favour of fast-sort",
      "dependencies": {
        "copy-anything": "^2.0.0",
        "is-what": "^3.7.1"
      }
    }
  },
  "dependencies": {
    "copy-anything": {
      "version": "2.0.3",
      "resolved": "https://registry.npmjs.org/copy-anything/-/copy-anything-2.0.3.tgz",
      "integrity": "sha512-GK6QUtisv4fNS+XcI7shX0Gx9ORg7QqIznyfho79JTnX1XhLiyZHfftvGiziqzRiEi/Bjhgpi+D2o7HxJFPnDQ==",
      "requires": {
        "is-what": "^3.12.0"
      }
    },
    "core-js": {
      "version": "3.14.0",
      "resolved": "https://registry.npmjs.org/core-js/-/core-js-3.14.0.tgz",
      "integrity": "sha512-3s+ed8er9ahK+zJpp9ZtuVcDoFzHNiZsPbNAAE4KXgrRHbjSqqNN6xGSXq6bq7TZIbKj4NLrLb6bJ5i+vSVjHA==",
      "dev": true
    },
    "exec-sh": {
      "version": "0.4.0",
      "resolved": "https://registry.npmjs.org/exec-sh/-/exec-sh-0.4.0.tgz",
      "integrity": "sha512-BgAFra+J+hK/wquyWchMiqgaxSv1ec2c+//DRSePlF3NLx/tBOmkIkJEc1hWrX4Yis3tzxgv1+FiFs/mmucs/g=="
    },
    "fs": {
      "version": "0.0.1-security",
      "resolved": "https://registry.npmjs.org/fs/-/fs-0.0.1-security.tgz",
      "integrity": "sha1-invTcYa23d84E/I4WLV+yq9eQdQ="
    },
    "is-what": {
      "version": "3.14.1",
      "resolved": "https://registry.npmjs.org/is-what/-/is-what-3.14.1.tgz",
      "integrity": "sha512-sNxgpk9793nzSs7bA6JQJGeIuRBQhAaNGG77kzYQgMkrID+lS6SlK07K5LaptscDlSaIgH+GPFzf+d75FVxozA=="
    },
    "sort-anything": {
      "version": "1.0.1",
      "resolved": "https://registry.npmjs.org/sort-anything/-/sort-anything-1.0.1.tgz",
      "integrity": "sha512-bLMVAKzytqxf583NSVZZpd+Tjna5TcQ0S2q66pKdHJUdwxcPticzILaCLNgJbKOEmJv8PaQimzD6kJO6qEeuQw==",
      "requires": {
        "copy-anything": "^2.0.0",
        "is-what": "^3.7.1"
      }
    }
  }
}
